// !$*UTF8*$!
{
	archiveVersion = 1;
	classes = {
	};
	objectVersion = 50;
	objects = {

/* Begin PBXBuildFile section */
		653BF50A23441E9800083C37 /* apiAnswer.json in Resources */ = {isa = PBXBuildFile; fileRef = 653BF50923441E9800083C37 /* apiAnswer.json */; };
		65DFC73C234247CA004948FE /* AppDelegate.swift in Sources */ = {isa = PBXBuildFile; fileRef = 65DFC73B234247CA004948FE /* AppDelegate.swift */; };
		65DFC73E234247CA004948FE /* SceneDelegate.swift in Sources */ = {isa = PBXBuildFile; fileRef = 65DFC73D234247CA004948FE /* SceneDelegate.swift */; };
		65DFC740234247CA004948FE /* ContentView.swift in Sources */ = {isa = PBXBuildFile; fileRef = 65DFC73F234247CA004948FE /* ContentView.swift */; };
		65DFC742234247CB004948FE /* Assets.xcassets in Resources */ = {isa = PBXBuildFile; fileRef = 65DFC741234247CB004948FE /* Assets.xcassets */; };
		65DFC745234247CB004948FE /* Preview Assets.xcassets in Resources */ = {isa = PBXBuildFile; fileRef = 65DFC744234247CB004948FE /* Preview Assets.xcassets */; };
		65DFC748234247CB004948FE /* LaunchScreen.storyboard in Resources */ = {isa = PBXBuildFile; fileRef = 65DFC746234247CB004948FE /* LaunchScreen.storyboard */; };
		65DFC753234247CB004948FE /* secondAttemptTestTests.swift in Sources */ = {isa = PBXBuildFile; fileRef = 65DFC752234247CB004948FE /* secondAttemptTestTests.swift */; };
		65DFC75E234247CB004948FE /* secondAttemptTestUITests.swift in Sources */ = {isa = PBXBuildFile; fileRef = 65DFC75D234247CB004948FE /* secondAttemptTestUITests.swift */; };
		65DFC7802342D01D004948FE /* Main.storyboard in Resources */ = {isa = PBXBuildFile; fileRef = 65DFC77F2342D01D004948FE /* Main.storyboard */; };
		65DFC7822342D092004948FE /* MainViewController.swift in Sources */ = {isa = PBXBuildFile; fileRef = 65DFC7812342D092004948FE /* MainViewController.swift */; };
		65DFC7842342D0E6004948FE /* LinkAliasModel.swift in Sources */ = {isa = PBXBuildFile; fileRef = 65DFC7832342D0E6004948FE /* LinkAliasModel.swift */; };
		65DFC7862342D18D004948FE /* APIManager.swift in Sources */ = {isa = PBXBuildFile; fileRef = 65DFC7852342D18D004948FE /* APIManager.swift */; };
		65DFC7882342D4D3004948FE /* MainViewModel.swift in Sources */ = {isa = PBXBuildFile; fileRef = 65DFC7872342D4D3004948FE /* MainViewModel.swift */; };
/* End PBXBuildFile section */

/* Begin PBXContainerItemProxy section */
		65DFC74F234247CB004948FE /* PBXContainerItemProxy */ = {
			isa = PBXContainerItemProxy;
			containerPortal = 65DFC730234247CA004948FE /* Project object */;
			proxyType = 1;
			remoteGlobalIDString = 65DFC737234247CA004948FE;
			remoteInfo = secondAttemptTest;
		};
		65DFC75A234247CB004948FE /* PBXContainerItemProxy */ = {
			isa = PBXContainerItemProxy;
			containerPortal = 65DFC730234247CA004948FE /* Project object */;
			proxyType = 1;
			remoteGlobalIDString = 65DFC737234247CA004948FE;
			remoteInfo = secondAttemptTest;
		};
/* End PBXContainerItemProxy section */

/* Begin PBXFileReference section */
		653BF50923441E9800083C37 /* apiAnswer.json */ = {isa = PBXFileReference; fileEncoding = 4; lastKnownFileType = text.json; path = apiAnswer.json; sourceTree = "<group>"; };
		65DFC738234247CA004948FE /* secondAttemptTest.app */ = {isa = PBXFileReference; explicitFileType = wrapper.application; includeInIndex = 0; path = secondAttemptTest.app; sourceTree = BUILT_PRODUCTS_DIR; };
		65DFC73B234247CA004948FE /* AppDelegate.swift */ = {isa = PBXFileReference; lastKnownFileType = sourcecode.swift; path = AppDelegate.swift; sourceTree = "<group>"; };
		65DFC73D234247CA004948FE /* SceneDelegate.swift */ = {isa = PBXFileReference; lastKnownFileType = sourcecode.swift; path = SceneDelegate.swift; sourceTree = "<group>"; };
		65DFC73F234247CA004948FE /* ContentView.swift */ = {isa = PBXFileReference; lastKnownFileType = sourcecode.swift; path = ContentView.swift; sourceTree = "<group>"; };
		65DFC741234247CB004948FE /* Assets.xcassets */ = {isa = PBXFileReference; lastKnownFileType = folder.assetcatalog; path = Assets.xcassets; sourceTree = "<group>"; };
		65DFC744234247CB004948FE /* Preview Assets.xcassets */ = {isa = PBXFileReference; lastKnownFileType = folder.assetcatalog; path = "Preview Assets.xcassets"; sourceTree = "<group>"; };
		65DFC747234247CB004948FE /* Base */ = {isa = PBXFileReference; lastKnownFileType = file.storyboard; name = Base; path = Base.lproj/LaunchScreen.storyboard; sourceTree = "<group>"; };
		65DFC749234247CB004948FE /* Info.plist */ = {isa = PBXFileReference; lastKnownFileType = text.plist.xml; path = Info.plist; sourceTree = "<group>"; };
		65DFC74E234247CB004948FE /* secondAttemptTestTests.xctest */ = {isa = PBXFileReference; explicitFileType = wrapper.cfbundle; includeInIndex = 0; path = secondAttemptTestTests.xctest; sourceTree = BUILT_PRODUCTS_DIR; };
		65DFC752234247CB004948FE /* secondAttemptTestTests.swift */ = {isa = PBXFileReference; lastKnownFileType = sourcecode.swift; path = secondAttemptTestTests.swift; sourceTree = "<group>"; };
		65DFC754234247CB004948FE /* Info.plist */ = {isa = PBXFileReference; lastKnownFileType = text.plist.xml; path = Info.plist; sourceTree = "<group>"; };
		65DFC759234247CB004948FE /* secondAttemptTestUITests.xctest */ = {isa = PBXFileReference; explicitFileType = wrapper.cfbundle; includeInIndex = 0; path = secondAttemptTestUITests.xctest; sourceTree = BUILT_PRODUCTS_DIR; };
		65DFC75D234247CB004948FE /* secondAttemptTestUITests.swift */ = {isa = PBXFileReference; lastKnownFileType = sourcecode.swift; path = secondAttemptTestUITests.swift; sourceTree = "<group>"; };
		65DFC75F234247CB004948FE /* Info.plist */ = {isa = PBXFileReference; lastKnownFileType = text.plist.xml; path = Info.plist; sourceTree = "<group>"; };
		65DFC77F2342D01D004948FE /* Main.storyboard */ = {isa = PBXFileReference; lastKnownFileType = file.storyboard; path = Main.storyboard; sourceTree = "<group>"; };
		65DFC7812342D092004948FE /* MainViewController.swift */ = {isa = PBXFileReference; lastKnownFileType = sourcecode.swift; path = MainViewController.swift; sourceTree = "<group>"; };
		65DFC7832342D0E6004948FE /* LinkAliasModel.swift */ = {isa = PBXFileReference; lastKnownFileType = sourcecode.swift; path = LinkAliasModel.swift; sourceTree = "<group>"; };
		65DFC7852342D18D004948FE /* APIManager.swift */ = {isa = PBXFileReference; lastKnownFileType = sourcecode.swift; path = APIManager.swift; sourceTree = "<group>"; };
		65DFC7872342D4D3004948FE /* MainViewModel.swift */ = {isa = PBXFileReference; lastKnownFileType = sourcecode.swift; path = MainViewModel.swift; sourceTree = "<group>"; };
/* End PBXFileReference section */

/* Begin PBXFrameworksBuildPhase section */
		65DFC735234247CA004948FE /* Frameworks */ = {
			isa = PBXFrameworksBuildPhase;
			buildActionMask = 2147483647;
			files = (
			);
			runOnlyForDeploymentPostprocessing = 0;
		};
		65DFC74B234247CB004948FE /* Frameworks */ = {
			isa = PBXFrameworksBuildPhase;
			buildActionMask = 2147483647;
			files = (
			);
			runOnlyForDeploymentPostprocessing = 0;
		};
		65DFC756234247CB004948FE /* Frameworks */ = {
			isa = PBXFrameworksBuildPhase;
			buildActionMask = 2147483647;
			files = (
			);
			runOnlyForDeploymentPostprocessing = 0;
		};
/* End PBXFrameworksBuildPhase section */

/* Begin PBXGroup section */
		653BF50B2344294700083C37 /* ViewController */ = {
			isa = PBXGroup;
			children = (
				65DFC7812342D092004948FE /* MainViewController.swift */,
			);
			path = ViewController;
			sourceTree = "<group>";
		};
		65DFC72F234247CA004948FE = {
			isa = PBXGroup;
			children = (
				65DFC73A234247CA004948FE /* secondAttemptTest */,
				65DFC751234247CB004948FE /* secondAttemptTestTests */,
				65DFC75C234247CB004948FE /* secondAttemptTestUITests */,
				65DFC739234247CA004948FE /* Products */,
			);
			sourceTree = "<group>";
		};
		65DFC739234247CA004948FE /* Products */ = {
			isa = PBXGroup;
			children = (
				65DFC738234247CA004948FE /* secondAttemptTest.app */,
				65DFC74E234247CB004948FE /* secondAttemptTestTests.xctest */,
				65DFC759234247CB004948FE /* secondAttemptTestUITests.xctest */,
			);
			name = Products;
			sourceTree = "<group>";
		};
		65DFC73A234247CA004948FE /* secondAttemptTest */ = {
			isa = PBXGroup;
			children = (
				65DFC77A2342CFA7004948FE /* Sources */,
				65DFC7792342CF9C004948FE /* Resources */,
				65DFC73B234247CA004948FE /* AppDelegate.swift */,
				65DFC73D234247CA004948FE /* SceneDelegate.swift */,
				65DFC73F234247CA004948FE /* ContentView.swift */,
				65DFC741234247CB004948FE /* Assets.xcassets */,
				65DFC749234247CB004948FE /* Info.plist */,
				65DFC743234247CB004948FE /* Preview Content */,
			);
			path = secondAttemptTest;
			sourceTree = "<group>";
		};
		65DFC743234247CB004948FE /* Preview Content */ = {
			isa = PBXGroup;
			children = (
				65DFC744234247CB004948FE /* Preview Assets.xcassets */,
			);
			path = "Preview Content";
			sourceTree = "<group>";
		};
		65DFC751234247CB004948FE /* secondAttemptTestTests */ = {
			isa = PBXGroup;
			children = (
				653BF50923441E9800083C37 /* apiAnswer.json */,
				65DFC752234247CB004948FE /* secondAttemptTestTests.swift */,
				65DFC754234247CB004948FE /* Info.plist */,
			);
			path = secondAttemptTestTests;
			sourceTree = "<group>";
		};
		65DFC75C234247CB004948FE /* secondAttemptTestUITests */ = {
			isa = PBXGroup;
			children = (
				65DFC75D234247CB004948FE /* secondAttemptTestUITests.swift */,
				65DFC75F234247CB004948FE /* Info.plist */,
			);
			path = secondAttemptTestUITests;
			sourceTree = "<group>";
		};
		65DFC7792342CF9C004948FE /* Resources */ = {
			isa = PBXGroup;
			children = (
				65DFC746234247CB004948FE /* LaunchScreen.storyboard */,
				65DFC77F2342D01D004948FE /* Main.storyboard */,
			);
			path = Resources;
			sourceTree = "<group>";
		};
		65DFC77A2342CFA7004948FE /* Sources */ = {
			isa = PBXGroup;
			children = (
				65DFC77E2342D000004948FE /* Model */,
				65DFC77D2342CFE0004948FE /* API */,
				65DFC77C2342CFD6004948FE /* View */,
				65DFC77B2342CFB5004948FE /* ViewModel */,
			);
			path = Sources;
			sourceTree = "<group>";
		};
		65DFC77B2342CFB5004948FE /* ViewModel */ = {
			isa = PBXGroup;
			children = (
				65DFC7872342D4D3004948FE /* MainViewModel.swift */,
			);
			path = ViewModel;
			sourceTree = "<group>";
		};
		65DFC77C2342CFD6004948FE /* View */ = {
			isa = PBXGroup;
			children = (
				653BF50B2344294700083C37 /* ViewController */,
			);
			path = View;
			sourceTree = "<group>";
		};
		65DFC77D2342CFE0004948FE /* API */ = {
			isa = PBXGroup;
			children = (
				65DFC7852342D18D004948FE /* APIManager.swift */,
			);
			path = API;
			sourceTree = "<group>";
		};
		65DFC77E2342D000004948FE /* Model */ = {
			isa = PBXGroup;
			children = (
				65DFC7832342D0E6004948FE /* LinkAliasModel.swift */,
			);
			path = Model;
			sourceTree = "<group>";
		};
/* End PBXGroup section */

/* Begin PBXNativeTarget section */
		65DFC737234247CA004948FE /* secondAttemptTest */ = {
			isa = PBXNativeTarget;
			buildConfigurationList = 65DFC762234247CB004948FE /* Build configuration list for PBXNativeTarget "secondAttemptTest" */;
			buildPhases = (
				65DFC734234247CA004948FE /* Sources */,
				65DFC735234247CA004948FE /* Frameworks */,
				65DFC736234247CA004948FE /* Resources */,
			);
			buildRules = (
			);
			dependencies = (
			);
			name = secondAttemptTest;
			productName = secondAttemptTest;
			productReference = 65DFC738234247CA004948FE /* secondAttemptTest.app */;
			productType = "com.apple.product-type.application";
		};
		65DFC74D234247CB004948FE /* secondAttemptTestTests */ = {
			isa = PBXNativeTarget;
			buildConfigurationList = 65DFC765234247CB004948FE /* Build configuration list for PBXNativeTarget "secondAttemptTestTests" */;
			buildPhases = (
				65DFC74A234247CB004948FE /* Sources */,
				65DFC74B234247CB004948FE /* Frameworks */,
				65DFC74C234247CB004948FE /* Resources */,
			);
			buildRules = (
			);
			dependencies = (
				65DFC750234247CB004948FE /* PBXTargetDependency */,
			);
			name = secondAttemptTestTests;
			productName = secondAttemptTestTests;
			productReference = 65DFC74E234247CB004948FE /* secondAttemptTestTests.xctest */;
			productType = "com.apple.product-type.bundle.unit-test";
		};
		65DFC758234247CB004948FE /* secondAttemptTestUITests */ = {
			isa = PBXNativeTarget;
			buildConfigurationList = 65DFC768234247CB004948FE /* Build configuration list for PBXNativeTarget "secondAttemptTestUITests" */;
			buildPhases = (
				65DFC755234247CB004948FE /* Sources */,
				65DFC756234247CB004948FE /* Frameworks */,
				65DFC757234247CB004948FE /* Resources */,
			);
			buildRules = (
			);
			dependencies = (
				65DFC75B234247CB004948FE /* PBXTargetDependency */,
			);
			name = secondAttemptTestUITests;
			productName = secondAttemptTestUITests;
			productReference = 65DFC759234247CB004948FE /* secondAttemptTestUITests.xctest */;
			productType = "com.apple.product-type.bundle.ui-testing";
		};
/* End PBXNativeTarget section */

/* Begin PBXProject section */
		65DFC730234247CA004948FE /* Project object */ = {
			isa = PBXProject;
			attributes = {
				LastSwiftUpdateCheck = 1100;
				LastUpgradeCheck = 1100;
				ORGANIZATIONNAME = "Bruno Augusto Constantino";
				TargetAttributes = {
					65DFC737234247CA004948FE = {
						CreatedOnToolsVersion = 11.0;
					};
					65DFC74D234247CB004948FE = {
						CreatedOnToolsVersion = 11.0;
						TestTargetID = 65DFC737234247CA004948FE;
					};
					65DFC758234247CB004948FE = {
						CreatedOnToolsVersion = 11.0;
						TestTargetID = 65DFC737234247CA004948FE;
					};
				};
			};
			buildConfigurationList = 65DFC733234247CA004948FE /* Build configuration list for PBXProject "secondAttemptTest" */;
			compatibilityVersion = "Xcode 9.3";
			developmentRegion = en;
			hasScannedForEncodings = 0;
			knownRegions = (
				en,
				Base,
			);
			mainGroup = 65DFC72F234247CA004948FE;
			productRefGroup = 65DFC739234247CA004948FE /* Products */;
			projectDirPath = "";
			projectRoot = "";
			targets = (
				65DFC737234247CA004948FE /* secondAttemptTest */,
				65DFC74D234247CB004948FE /* secondAttemptTestTests */,
				65DFC758234247CB004948FE /* secondAttemptTestUITests */,
			);
		};
/* End PBXProject section */

/* Begin PBXResourcesBuildPhase section */
		65DFC736234247CA004948FE /* Resources */ = {
			isa = PBXResourcesBuildPhase;
			buildActionMask = 2147483647;
			files = (
				65DFC748234247CB004948FE /* LaunchScreen.storyboard in Resources */,
				65DFC745234247CB004948FE /* Preview Assets.xcassets in Resources */,
				65DFC742234247CB004948FE /* Assets.xcassets in Resources */,
				65DFC7802342D01D004948FE /* Main.storyboard in Resources */,
			);
			runOnlyForDeploymentPostprocessing = 0;
		};
		65DFC74C234247CB004948FE /* Resources */ = {
			isa = PBXResourcesBuildPhase;
			buildActionMask = 2147483647;
			files = (
				653BF50A23441E9800083C37 /* apiAnswer.json in Resources */,
			);
			runOnlyForDeploymentPostprocessing = 0;
		};
		65DFC757234247CB004948FE /* Resources */ = {
			isa = PBXResourcesBuildPhase;
			buildActionMask = 2147483647;
			files = (
			);
			runOnlyForDeploymentPostprocessing = 0;
		};
/* End PBXResourcesBuildPhase section */

/* Begin PBXSourcesBuildPhase section */
		65DFC734234247CA004948FE /* Sources */ = {
			isa = PBXSourcesBuildPhase;
			buildActionMask = 2147483647;
			files = (
				65DFC7882342D4D3004948FE /* MainViewModel.swift in Sources */,
				65DFC7862342D18D004948FE /* APIManager.swift in Sources */,
				65DFC7842342D0E6004948FE /* LinkAliasModel.swift in Sources */,
				65DFC73C234247CA004948FE /* AppDelegate.swift in Sources */,
				65DFC73E234247CA004948FE /* SceneDelegate.swift in Sources */,
				65DFC740234247CA004948FE /* ContentView.swift in Sources */,
				65DFC7822342D092004948FE /* MainViewController.swift in Sources */,
			);
			runOnlyForDeploymentPostprocessing = 0;
		};
		65DFC74A234247CB004948FE /* Sources */ = {
			isa = PBXSourcesBuildPhase;
			buildActionMask = 2147483647;
			files = (
				65DFC753234247CB004948FE /* secondAttemptTestTests.swift in Sources */,
			);
			runOnlyForDeploymentPostprocessing = 0;
		};
		65DFC755234247CB004948FE /* Sources */ = {
			isa = PBXSourcesBuildPhase;
			buildActionMask = 2147483647;
			files = (
				65DFC75E234247CB004948FE /* secondAttemptTestUITests.swift in Sources */,
			);
			runOnlyForDeploymentPostprocessing = 0;
		};
/* End PBXSourcesBuildPhase section */

/* Begin PBXTargetDependency section */
		65DFC750234247CB004948FE /* PBXTargetDependency */ = {
			isa = PBXTargetDependency;
			target = 65DFC737234247CA004948FE /* secondAttemptTest */;
			targetProxy = 65DFC74F234247CB004948FE /* PBXContainerItemProxy */;
		};
		65DFC75B234247CB004948FE /* PBXTargetDependency */ = {
			isa = PBXTargetDependency;
			target = 65DFC737234247CA004948FE /* secondAttemptTest */;
			targetProxy = 65DFC75A234247CB004948FE /* PBXContainerItemProxy */;
		};
/* End PBXTargetDependency section */

/* Begin PBXVariantGroup section */
		65DFC746234247CB004948FE /* LaunchScreen.storyboard */ = {
			isa = PBXVariantGroup;
			children = (
				65DFC747234247CB004948FE /* Base */,
			);
			name = LaunchScreen.storyboard;
			sourceTree = "<group>";
		};
/* End PBXVariantGroup section */

/* Begin XCBuildConfiguration section */
		65DFC760234247CB004948FE /* Debug */ = {
			isa = XCBuildConfiguration;
			buildSettings = {
				ALWAYS_SEARCH_USER_PATHS = NO;
				CLANG_ANALYZER_NONNULL = YES;
				CLANG_ANALYZER_NUMBER_OBJECT_CONVERSION = YES_AGGRESSIVE;
				CLANG_CXX_LANGUAGE_STANDARD = "gnu++14";
				CLANG_CXX_LIBRARY = "libc++";
				CLANG_ENABLE_MODULES = YES;
				CLANG_ENABLE_OBJC_ARC = YES;
				CLANG_ENABLE_OBJC_WEAK = YES;
				CLANG_WARN_BLOCK_CAPTURE_AUTORELEASING = YES;
				CLANG_WARN_BOOL_CONVERSION = YES;
				CLANG_WARN_COMMA = YES;
				CLANG_WARN_CONSTANT_CONVERSION = YES;
				CLANG_WARN_DEPRECATED_OBJC_IMPLEMENTATIONS = YES;
				CLANG_WARN_DIRECT_OBJC_ISA_USAGE = YES_ERROR;
				CLANG_WARN_DOCUMENTATION_COMMENTS = YES;
				CLANG_WARN_EMPTY_BODY = YES;
				CLANG_WARN_ENUM_CONVERSION = YES;
				CLANG_WARN_INFINITE_RECURSION = YES;
				CLANG_WARN_INT_CONVERSION = YES;
				CLANG_WARN_NON_LITERAL_NULL_CONVERSION = YES;
				CLANG_WARN_OBJC_IMPLICIT_RETAIN_SELF = YES;
				CLANG_WARN_OBJC_LITERAL_CONVERSION = YES;
				CLANG_WARN_OBJC_ROOT_CLASS = YES_ERROR;
				CLANG_WARN_RANGE_LOOP_ANALYSIS = YES;
				CLANG_WARN_STRICT_PROTOTYPES = YES;
				CLANG_WARN_SUSPICIOUS_MOVE = YES;
				CLANG_WARN_UNGUARDED_AVAILABILITY = YES_AGGRESSIVE;
				CLANG_WARN_UNREACHABLE_CODE = YES;
				CLANG_WARN__DUPLICATE_METHOD_MATCH = YES;
				COPY_PHASE_STRIP = NO;
				DEBUG_INFORMATION_FORMAT = dwarf;
				ENABLE_STRICT_OBJC_MSGSEND = YES;
				ENABLE_TESTABILITY = YES;
				GCC_C_LANGUAGE_STANDARD = gnu11;
				GCC_DYNAMIC_NO_PIC = NO;
				GCC_NO_COMMON_BLOCKS = YES;
				GCC_OPTIMIZATION_LEVEL = 0;
				GCC_PREPROCESSOR_DEFINITIONS = (
					"DEBUG=1",
					"$(inherited)",
				);
				GCC_WARN_64_TO_32_BIT_CONVERSION = YES;
				GCC_WARN_ABOUT_RETURN_TYPE = YES_ERROR;
				GCC_WARN_UNDECLARED_SELECTOR = YES;
				GCC_WARN_UNINITIALIZED_AUTOS = YES_AGGRESSIVE;
				GCC_WARN_UNUSED_FUNCTION = YES;
				GCC_WARN_UNUSED_VARIABLE = YES;
				IPHONEOS_DEPLOYMENT_TARGET = 13.0;
				MTL_ENABLE_DEBUG_INFO = INCLUDE_SOURCE;
				MTL_FAST_MATH = YES;
				ONLY_ACTIVE_ARCH = YES;
				SDKROOT = iphoneos;
				SWIFT_ACTIVE_COMPILATION_CONDITIONS = DEBUG;
				SWIFT_OPTIMIZATION_LEVEL = "-Onone";
			};
			name = Debug;
		};
		65DFC761234247CB004948FE /* Release */ = {
			isa = XCBuildConfiguration;
			buildSettings = {
				ALWAYS_SEARCH_USER_PATHS = NO;
				CLANG_ANALYZER_NONNULL = YES;
				CLANG_ANALYZER_NUMBER_OBJECT_CONVERSION = YES_AGGRESSIVE;
				CLANG_CXX_LANGUAGE_STANDARD = "gnu++14";
				CLANG_CXX_LIBRARY = "libc++";
				CLANG_ENABLE_MODULES = YES;
				CLANG_ENABLE_OBJC_ARC = YES;
				CLANG_ENABLE_OBJC_WEAK = YES;
				CLANG_WARN_BLOCK_CAPTURE_AUTORELEASING = YES;
				CLANG_WARN_BOOL_CONVERSION = YES;
				CLANG_WARN_COMMA = YES;
				CLANG_WARN_CONSTANT_CONVERSION = YES;
				CLANG_WARN_DEPRECATED_OBJC_IMPLEMENTATIONS = YES;
				CLANG_WARN_DIRECT_OBJC_ISA_USAGE = YES_ERROR;
				CLANG_WARN_DOCUMENTATION_COMMENTS = YES;
				CLANG_WARN_EMPTY_BODY = YES;
				CLANG_WARN_ENUM_CONVERSION = YES;
				CLANG_WARN_INFINITE_RECURSION = YES;
				CLANG_WARN_INT_CONVERSION = YES;
				CLANG_WARN_NON_LITERAL_NULL_CONVERSION = YES;
				CLANG_WARN_OBJC_IMPLICIT_RETAIN_SELF = YES;
				CLANG_WARN_OBJC_LITERAL_CONVERSION = YES;
				CLANG_WARN_OBJC_ROOT_CLASS = YES_ERROR;
				CLANG_WARN_RANGE_LOOP_ANALYSIS = YES;
				CLANG_WARN_STRICT_PROTOTYPES = YES;
				CLANG_WARN_SUSPICIOUS_MOVE = YES;
				CLANG_WARN_UNGUARDED_AVAILABILITY = YES_AGGRESSIVE;
				CLANG_WARN_UNREACHABLE_CODE = YES;
				CLANG_WARN__DUPLICATE_METHOD_MATCH = YES;
				COPY_PHASE_STRIP = NO;
				DEBUG_INFORMATION_FORMAT = "dwarf-with-dsym";
				ENABLE_NS_ASSERTIONS = NO;
				ENABLE_STRICT_OBJC_MSGSEND = YES;
				GCC_C_LANGUAGE_STANDARD = gnu11;
				GCC_NO_COMMON_BLOCKS = YES;
				GCC_WARN_64_TO_32_BIT_CONVERSION = YES;
				GCC_WARN_ABOUT_RETURN_TYPE = YES_ERROR;
				GCC_WARN_UNDECLARED_SELECTOR = YES;
				GCC_WARN_UNINITIALIZED_AUTOS = YES_AGGRESSIVE;
				GCC_WARN_UNUSED_FUNCTION = YES;
				GCC_WARN_UNUSED_VARIABLE = YES;
				IPHONEOS_DEPLOYMENT_TARGET = 13.0;
				MTL_ENABLE_DEBUG_INFO = NO;
				MTL_FAST_MATH = YES;
				SDKROOT = iphoneos;
				SWIFT_COMPILATION_MODE = wholemodule;
				SWIFT_OPTIMIZATION_LEVEL = "-O";
				VALIDATE_PRODUCT = YES;
			};
			name = Release;
		};
		65DFC763234247CB004948FE /* Debug */ = {
			isa = XCBuildConfiguration;
			buildSettings = {
				ASSETCATALOG_COMPILER_APPICON_NAME = AppIcon;
				CODE_SIGN_STYLE = Automatic;
				DEVELOPMENT_ASSET_PATHS = "\"secondAttemptTest/Preview Content\"";
				DEVELOPMENT_TEAM = 76D5N9UG2H;
				ENABLE_PREVIEWS = YES;
				INFOPLIST_FILE = secondAttemptTest/Info.plist;
				LD_RUNPATH_SEARCH_PATHS = (
					"$(inherited)",
					"@executable_path/Frameworks",
				);
				PRODUCT_BUNDLE_IDENTIFIER = bacons.secondAttemptTest;
				PRODUCT_NAME = "$(TARGET_NAME)";
				SWIFT_VERSION = 5.0;
				TARGETED_DEVICE_FAMILY = "1,2";
			};
			name = Debug;
		};
		65DFC764234247CB004948FE /* Release */ = {
			isa = XCBuildConfiguration;
			buildSettings = {
				ASSETCATALOG_COMPILER_APPICON_NAME = AppIcon;
				CODE_SIGN_STYLE = Automatic;
				DEVELOPMENT_ASSET_PATHS = "\"secondAttemptTest/Preview Content\"";
				DEVELOPMENT_TEAM = 76D5N9UG2H;
				ENABLE_PREVIEWS = YES;
				INFOPLIST_FILE = secondAttemptTest/Info.plist;
				LD_RUNPATH_SEARCH_PATHS = (
					"$(inherited)",
					"@executable_path/Frameworks",
				);
				PRODUCT_BUNDLE_IDENTIFIER = bacons.secondAttemptTest;
				PRODUCT_NAME = "$(TARGET_NAME)";
				SWIFT_VERSION = 5.0;
				TARGETED_DEVICE_FAMILY = "1,2";
			};
			name = Release;
		};
		65DFC766234247CB004948FE /* Debug */ = {
			isa = XCBuildConfiguration;
			buildSettings = {
				ALWAYS_EMBED_SWIFT_STANDARD_LIBRARIES = YES;
				BUNDLE_LOADER = "$(TEST_HOST)";
				CODE_SIGN_STYLE = Automatic;
				DEVELOPMENT_TEAM = 76D5N9UG2H;
				INFOPLIST_FILE = secondAttemptTestTests/Info.plist;
				IPHONEOS_DEPLOYMENT_TARGET = 13.0;
				LD_RUNPATH_SEARCH_PATHS = (
					"$(inherited)",
					"@executable_path/Frameworks",
					"@loader_path/Frameworks",
				);
				PRODUCT_BUNDLE_IDENTIFIER = bacons.secondAttemptTestTests;
				PRODUCT_NAME = "$(TARGET_NAME)";
				SWIFT_VERSION = 5.0;
				TARGETED_DEVICE_FAMILY = "1,2";
				TEST_HOST = "$(BUILT_PRODUCTS_DIR)/secondAttemptTest.app/secondAttemptTest";
			};
			name = Debug;
		};
		65DFC767234247CB004948FE /* Release */ = {
			isa = XCBuildConfiguration;
			buildSettings = {
				ALWAYS_EMBED_SWIFT_STANDARD_LIBRARIES = YES;
				BUNDLE_LOADER = "$(TEST_HOST)";
				CODE_SIGN_STYLE = Automatic;
				DEVELOPMENT_TEAM = 76D5N9UG2H;
				INFOPLIST_FILE = secondAttemptTestTests/Info.plist;
				IPHONEOS_DEPLOYMENT_TARGET = 13.0;
				LD_RUNPATH_SEARCH_PATHS = (
					"$(inherited)",
					"@executable_path/Frameworks",
					"@loader_path/Frameworks",
				);
				PRODUCT_BUNDLE_IDENTIFIER = bacons.secondAttemptTestTests;
				PRODUCT_NAME = "$(TARGET_NAME)";
				SWIFT_VERSION = 5.0;
				TARGETED_DEVICE_FAMILY = "1,2";
				TEST_HOST = "$(BUILT_PRODUCTS_DIR)/secondAttemptTest.app/secondAttemptTest";
			};
			name = Release;
		};
		65DFC769234247CB004948FE /* Debug */ = {
			isa = XCBuildConfiguration;
			buildSettings = {
				ALWAYS_EMBED_SWIFT_STANDARD_LIBRARIES = YES;
				CODE_SIGN_STYLE = Automatic;
				DEVELOPMENT_TEAM = 76D5N9UG2H;
				INFOPLIST_FILE = secondAttemptTestUITests/Info.plist;
				LD_RUNPATH_SEARCH_PATHS = (
					"$(inherited)",
					"@executable_path/Frameworks",
					"@loader_path/Frameworks",
				);
				PRODUCT_BUNDLE_IDENTIFIER = bacons.secondAttemptTestUITests;
				PRODUCT_NAME = "$(TARGET_NAME)";
				SWIFT_VERSION = 5.0;
				TARGETED_DEVICE_FAMILY = "1,2";
				TEST_TARGET_NAME = secondAttemptTest;
			};
			name = Debug;
		};
		65DFC76A234247CB004948FE /* Release */ = {
			isa = XCBuildConfiguration;
			buildSettings = {
				ALWAYS_EMBED_SWIFT_STANDARD_LIBRARIES = YES;
				CODE_SIGN_STYLE = Automatic;
				DEVELOPMENT_TEAM = 76D5N9UG2H;
				INFOPLIST_FILE = secondAttemptTestUITests/Info.plist;
				LD_RUNPATH_SEARCH_PATHS = (
					"$(inherited)",
					"@executable_path/Frameworks",
					"@loader_path/Frameworks",
				);
				PRODUCT_BUNDLE_IDENTIFIER = bacons.secondAttemptTestUITests;
				PRODUCT_NAME = "$(TARGET_NAME)";
				SWIFT_VERSION = 5.0;
				TARGETED_DEVICE_FAMILY = "1,2";
				TEST_TARGET_NAME = secondAttemptTest;
			};
			name = Release;
		};
/* End XCBuildConfiguration section */

/* Begin XCConfigurationList section */
		65DFC733234247CA004948FE /* Build configuration list for PBXProject "secondAttemptTest" */ = {
			isa = XCConfigurationList;
			buildConfigurations = (
				65DFC760234247CB004948FE /* Debug */,
				65DFC761234247CB004948FE /* Release */,
			);
			defaultConfigurationIsVisible = 0;
			defaultConfigurationName = Release;
		};
		65DFC762234247CB004948FE /* Build configuration list for PBXNativeTarget "secondAttemptTest" */ = {
			isa = XCConfigurationList;
			buildConfigurations = (
				65DFC763234247CB004948FE /* Debug */,
				65DFC764234247CB004948FE /* Release */,
			);
			defaultConfigurationIsVisible = 0;
			defaultConfigurationName = Release;
		};
		65DFC765234247CB004948FE /* Build configuration list for PBXNativeTarget "secondAttemptTestTests" */ = {
			isa = XCConfigurationList;
			buildConfigurations = (
				65DFC766234247CB004948FE /* Debug */,
				65DFC767234247CB004948FE /* Release */,
			);
			defaultConfigurationIsVisible = 0;
			defaultConfigurationName = Release;
		};
		65DFC768234247CB004948FE /* Build configuration list for PBXNativeTarget "secondAttemptTestUITests" */ = {
			isa = XCConfigurationList;
			buildConfigurations = (
				65DFC769234247CB004948FE /* Debug */,
				65DFC76A234247CB004948FE /* Release */,
			);
			defaultConfigurationIsVisible = 0;
			defaultConfigurationName = Release;
		};
/* End XCConfigurationList section */
	};
	rootObject = 65DFC730234247CA004948FE /* Project object */;
}
